
Microsoft Visual Studio Solution File, Format Version 12.00
# Visual Studio Version 16
VisualStudioVersion = 16.0.31729.503
MinimumVisualStudioVersion = 10.0.40219.1
Project("{FAE04EC0-301F-11D3-BF4B-00C04F79EFBC}") = "Рылеев ПР10", "Рылеев ПР10.csproj", "{9AC0678A-4088-4CA5-ABEB-2BC680E9E02A}"
EndProject
Global
	GlobalSection(SolutionConfigurationPlatforms) = preSolution
		Debug|Any CPU = Debug|Any CPU
		Release|Any CPU = Release|Any CPU
	EndGlobalSection
	GlobalSection(ProjectConfigurationPlatforms) = postSolution
		{9AC0678A-4088-4CA5-ABEB-2BC680E9E02A}.Debug|Any CPU.ActiveCfg = Debug|Any CPU
		{9AC0678A-4088-4CA5-ABEB-2BC680E9E02A}.Debug|Any CPU.Build.0 = Debug|Any CPU
		{9AC0678A-4088-4CA5-ABEB-2BC680E9E02A}.Release|Any CPU.ActiveCfg = Release|Any CPU
		{9AC0678A-4088-4CA5-ABEB-2BC680E9E02A}.Release|Any CPU.Build.0 = Release|Any CPU
	EndGlobalSection
	GlobalSection(SolutionProperties) = preSolution
		HideSolutionNode = FALSE
	EndGlobalSection
	GlobalSection(ExtensibilityGlobals) = postSolution
		SolutionGuid = {C34CBE66-D529-41D6-9BE2-D12FA12B0DE4}
	EndGlobalSection
EndGlobal
